Microsoft Visual Studio Solution File, Format Version 12.00
# Visual Studio Version 17
VisualStudioVersion = 17.5.2.0
MinimumVisualStudioVersion = 10.0.40219.1
Project("{FAE04EC0-301F-11D3-BF4B-00C04F79EFBC}") = "CameraConnector", "CameraConnector.csproj", "{4D71EDDC-279D-67DD-4678-0FF031DDB163}"
EndProject
Global
	GlobalSection(SolutionConfigurationPlatforms) = preSolution
		Debug|Any CPU = Debug|Any CPU
		Release|Any CPU = Release|Any CPU
	EndGlobalSection
	GlobalSection(ProjectConfigurationPlatforms) = postSolution
		{4D71EDDC-279D-67DD-4678-0FF031DDB163}.Debug|Any CPU.ActiveCfg = Debug|Any CPU
		{4D71EDDC-279D-67DD-4678-0FF031DDB163}.Debug|Any CPU.Build.0 = Debug|Any CPU
		{4D71EDDC-279D-67DD-4678-0FF031DDB163}.Release|Any CPU.ActiveCfg = Release|Any CPU
		{4D71EDDC-279D-67DD-4678-0FF031DDB163}.Release|Any CPU.Build.0 = Release|Any CPU
	EndGlobalSection
	GlobalSection(SolutionProperties) = preSolution
		HideSolutionNode = FALSE
	EndGlobalSection
	GlobalSection(ExtensibilityGlobals) = postSolution
		SolutionGuid = {E53EC2F7-2CDC-4FFF-A649-4C75089E6C27}
	EndGlobalSection
EndGlobal
